
Microsoft Visual Studio Solution File, Format Version 12.00
# Visual Studio Version 17
VisualStudioVersion = 17.14.37203.1
MinimumVisualStudioVersion = 10.0.40219.1
Project("{FAE04EC0-301F-11D3-BF4B-00C04F79EFBC}") = "PhysioHealthCare", "PhysioHealthCare\PhysioHealthCare.csproj", "{96B89CFA-1AE1-4A06-8EB8-BC00318BDD8E}"
EndProject
Project("{FAE04EC0-301F-11D3-BF4B-00C04F79EFBC}") = "PhysioHealthCare.Domain", "PhysioHealthCare.Domain\PhysioHealthCare.Domain.csproj", "{185006FB-2CD0-4168-8EED-0B541589EF83}"
EndProject
Project("{FAE04EC0-301F-11D3-BF4B-00C04F79EFBC}") = "PhysioHealthCare.Application", "PhysioHealthCare.Application\PhysioHealthCare.Application.csproj", "{249D9F68-B3F4-4F0A-B849-A3ED14E26FE0}"
EndProject
Project("{FAE04EC0-301F-11D3-BF4B-00C04F79EFBC}") = "PhysioHealthCare.Infrastructure", "PhysioHealthCare.Infrastructure\PhysioHealthCare.Infrastructure.csproj", "{0208B43D-E47E-4B7A-B017-F772419A805E}"
EndProject
Project("{2150E333-8FDC-42A3-9474-1A3956D46DE8}") = "Elementos de la solución", "Elementos de la solución", "{D107F4C8-89CC-BEA8-D3D7-CA6B7733353D}"
	ProjectSection(SolutionItems) = preProject
		README.md = README.md
	EndProjectSection
EndProject
Project("{FAE04EC0-301F-11D3-BF4B-00C04F79EFBC}") = "PhysioHealthCare.Tests", "PhysioHealthCare.Tests\PhysioHealthCare.Tests.csproj", "{9A5E1EB3-BACF-40FB-A23C-B5E9A503EF73}"
EndProject
Global
	GlobalSection(SolutionConfigurationPlatforms) = preSolution
		Debug|Any CPU = Debug|Any CPU
		Debug|x64 = Debug|x64
		Debug|x86 = Debug|x86
		Release|Any CPU = Release|Any CPU
		Release|x64 = Release|x64
		Release|x86 = Release|x86
	EndGlobalSection
	GlobalSection(ProjectConfigurationPlatforms) = postSolution
		{96B89CFA-1AE1-4A06-8EB8-BC00318BDD8E}.Debug|Any CPU.ActiveCfg = Debug|Any CPU
		{96B89CFA-1AE1-4A06-8EB8-BC00318BDD8E}.Debug|Any CPU.Build.0 = Debug|Any CPU
		{96B89CFA-1AE1-4A06-8EB8-BC00318BDD8E}.Debug|x64.ActiveCfg = Debug|Any CPU
		{96B89CFA-1AE1-4A06-8EB8-BC00318BDD8E}.Debug|x64.Build.0 = Debug|Any CPU
		{96B89CFA-1AE1-4A06-8EB8-BC00318BDD8E}.Debug|x86.ActiveCfg = Debug|Any CPU
		{96B89CFA-1AE1-4A06-8EB8-BC00318BDD8E}.Debug|x86.Build.0 = Debug|Any CPU
		{96B89CFA-1AE1-4A06-8EB8-BC00318BDD8E}.Release|Any CPU.ActiveCfg = Release|Any CPU
		{96B89CFA-1AE1-4A06-8EB8-BC00318BDD8E}.Release|Any CPU.Build.0 = Release|Any CPU
		{96B89CFA-1AE1-4A06-8EB8-BC00318BDD8E}.Release|x64.ActiveCfg = Release|Any CPU
		{96B89CFA-1AE1-4A06-8EB8-BC00318BDD8E}.Release|x64.Build.0 = Release|Any CPU
		{96B89CFA-1AE1-4A06-8EB8-BC00318BDD8E}.Release|x86.ActiveCfg = Release|Any CPU
		{96B89CFA-1AE1-4A06-8EB8-BC00318BDD8E}.Release|x86.Build.0 = Release|Any CPU
		{185006FB-2CD0-4168-8EED-0B541589EF83}.Debug|Any CPU.ActiveCfg = Debug|Any CPU
		{185006FB-2CD0-4168-8EED-0B541589EF83}.Debug|Any CPU.Build.0 = Debug|Any CPU
		{185006FB-2CD0-4168-8EED-0B541589EF83}.Debug|x64.ActiveCfg = Debug|Any CPU
		{185006FB-2CD0-4168-8EED-0B541589EF83}.Debug|x64.Build.0 = Debug|Any CPU
		{185006FB-2CD0-4168-8EED-0B541589EF83}.Debug|x86.ActiveCfg = Debug|Any CPU
		{185006FB-2CD0-4168-8EED-0B541589EF83}.Debug|x86.Build.0 = Debug|Any CPU
		{185006FB-2CD0-4168-8EED-0B541589EF83}.Release|Any CPU.ActiveCfg = Release|Any CPU
		{185006FB-2CD0-4168-8EED-0B541589EF83}.Release|Any CPU.Build.0 = Release|Any CPU
		{185006FB-2CD0-4168-8EED-0B541589EF83}.Release|x64.ActiveCfg = Release|Any CPU
		{185006FB-2CD0-4168-8EED-0B541589EF83}.Release|x64.Build.0 = Release|Any CPU
		{185006FB-2CD0-4168-8EED-0B541589EF83}.Release|x86.ActiveCfg = Release|Any CPU
		{185006FB-2CD0-4168-8EED-0B541589EF83}.Release|x86.Build.0 = Release|Any CPU
		{249D9F68-B3F4-4F0A-B849-A3ED14E26FE0}.Debug|Any CPU.ActiveCfg = Debug|Any CPU
		{249D9F68-B3F4-4F0A-B849-A3ED14E26FE0}.Debug|Any CPU.Build.0 = Debug|Any CPU
		{249D9F68-B3F4-4F0A-B849-A3ED14E26FE0}.Debug|x64.ActiveCfg = Debug|Any CPU
		{249D9F68-B3F4-4F0A-B849-A3ED14E26FE0}.Debug|x64.Build.0 = Debug|Any CPU
		{249D9F68-B3F4-4F0A-B849-A3ED14E26FE0}.Debug|x86.ActiveCfg = Debug|Any CPU
		{249D9F68-B3F4-4F0A-B849-A3ED14E26FE0}.Debug|x86.Build.0 = Debug|Any CPU
		{249D9F68-B3F4-4F0A-B849-A3ED14E26FE0}.Release|Any CPU.ActiveCfg = Release|Any CPU
		{249D9F68-B3F4-4F0A-B849-A3ED14E26FE0}.Release|Any CPU.Build.0 = Release|Any CPU
		{249D9F68-B3F4-4F0A-B849-A3ED14E26FE0}.Release|x64.ActiveCfg = Release|Any CPU
		{249D9F68-B3F4-4F0A-B849-A3ED14E26FE0}.Release|x64.Build.0 = Release|Any CPU
		{249D9F68-B3F4-4F0A-B849-A3ED14E26FE0}.Release|x86.ActiveCfg = Release|Any CPU
		{249D9F68-B3F4-4F0A-B849-A3ED14E26FE0}.Release|x86.Build.0 = Release|Any CPU
		{0208B43D-E47E-4B7A-B017-F772419A805E}.Debug|Any CPU.ActiveCfg = Debug|Any CPU
		{0208B43D-E47E-4B7A-B017-F772419A805E}.Debug|Any CPU.Build.0 = Debug|Any CPU
		{0208B43D-E47E-4B7A-B017-F772419A805E}.Debug|x64.ActiveCfg = Debug|Any CPU
		{0208B43D-E47E-4B7A-B017-F772419A805E}.Debug|x64.Build.0 = Debug|Any CPU
		{0208B43D-E47E-4B7A-B017-F772419A805E}.Debug|x86.ActiveCfg = Debug|Any CPU
		{0208B43D-E47E-4B7A-B017-F772419A805E}.Debug|x86.Build.0 = Debug|Any CPU
		{0208B43D-E47E-4B7A-B017-F772419A805E}.Release|Any CPU.ActiveCfg = Release|Any CPU
		{0208B43D-E47E-4B7A-B017-F772419A805E}.Release|Any CPU.Build.0 = Release|Any CPU
		{0208B43D-E47E-4B7A-B017-F772419A805E}.Release|x64.ActiveCfg = Release|Any CPU
		{0208B43D-E47E-4B7A-B017-F772419A805E}.Release|x64.Build.0 = Release|Any CPU
		{0208B43D-E47E-4B7A-B017-F772419A805E}.Release|x86.ActiveCfg = Release|Any CPU
		{0208B43D-E47E-4B7A-B017-F772419A805E}.Release|x86.Build.0 = Release|Any CPU
		{9A5E1EB3-BACF-40FB-A23C-B5E9A503EF73}.Debug|Any CPU.ActiveCfg = Debug|Any CPU
		{9A5E1EB3-BACF-40FB-A23C-B5E9A503EF73}.Debug|Any CPU.Build.0 = Debug|Any CPU
		{9A5E1EB3-BACF-40FB-A23C-B5E9A503EF73}.Debug|x64.ActiveCfg = Debug|Any CPU
		{9A5E1EB3-BACF-40FB-A23C-B5E9A503EF73}.Debug|x64.Build.0 = Debug|Any CPU
		{9A5E1EB3-BACF-40FB-A23C-B5E9A503EF73}.Debug|x86.ActiveCfg = Debug|Any CPU
		{9A5E1EB3-BACF-40FB-A23C-B5E9A503EF73}.Debug|x86.Build.0 = Debug|Any CPU
		{9A5E1EB3-BACF-40FB-A23C-B5E9A503EF73}.Release|Any CPU.ActiveCfg = Release|Any CPU
		{9A5E1EB3-BACF-40FB-A23C-B5E9A503EF73}.Release|Any CPU.Build.0 = Release|Any CPU
		{9A5E1EB3-BACF-40FB-A23C-B5E9A503EF73}.Release|x64.ActiveCfg = Release|Any CPU
		{9A5E1EB3-BACF-40FB-A23C-B5E9A503EF73}.Release|x64.Build.0 = Release|Any CPU
		{9A5E1EB3-BACF-40FB-A23C-B5E9A503EF73}.Release|x86.ActiveCfg = Release|Any CPU
		{9A5E1EB3-BACF-40FB-A23C-B5E9A503EF73}.Release|x86.Build.0 = Release|Any CPU
	EndGlobalSection
	GlobalSection(SolutionProperties) = preSolution
		HideSolutionNode = FALSE
	EndGlobalSection
	GlobalSection(ExtensibilityGlobals) = postSolution
		SolutionGuid = {FDDF2385-6F8C-48D7-8CAF-CF13875DFE3E}
	EndGlobalSection
EndGlobal
